
Microsoft Visual Studio Solution File, Format Version 12.00
# Visual Studio Version 17
VisualStudioVersion = 17.1.32328.378
MinimumVisualStudioVersion = 10.0.40219.1
Project("{9A19103F-16F7-4668-BE54-9A1E7A4F7556}") = "RubixWeb", "RubixWeb\RubixWeb.csproj", "{50EB706C-829E-43A6-A3C4-12CB9FD481BC}"
EndProject
Global
	GlobalSection(SolutionConfigurationPlatforms) = preSolution
		Debug|Any CPU = Debug|Any CPU
		Release|Any CPU = Release|Any CPU
	EndGlobalSection
	GlobalSection(ProjectConfigurationPlatforms) = postSolution
		{50EB706C-829E-43A6-A3C4-12CB9FD481BC}.Debug|Any CPU.ActiveCfg = Debug|Any CPU
		{50EB706C-829E-43A6-A3C4-12CB9FD481BC}.Debug|Any CPU.Build.0 = Debug|Any CPU
		{50EB706C-829E-43A6-A3C4-12CB9FD481BC}.Release|Any CPU.ActiveCfg = Release|Any CPU
		{50EB706C-829E-43A6-A3C4-12CB9FD481BC}.Release|Any CPU.Build.0 = Release|Any CPU
	EndGlobalSection
	GlobalSection(SolutionProperties) = preSolution
		HideSolutionNode = FALSE
	EndGlobalSection
	GlobalSection(ExtensibilityGlobals) = postSolution
		SolutionGuid = {A2C4D918-0A00-4467-BD07-4CA9E6B43EBB}
	EndGlobalSection
EndGlobal
